<?xml version="1.0" encoding="utf-8"?>
<Project ToolsVersion="4.0" xmlns="http://schemas.microsoft.com/developer/msbuild/2003">
  <ItemGroup>
    <Filter Include="Source Files">
      <UniqueIdentifier>{4FC737F1-C7A5-4376-A066-2A32D752A2FF}</UniqueIdentifier>
      <Extensions>cpp;c;cc;cxx;def;odl;idl;hpj;bat;asm;asmx</Extensions>
    </Filter>
    <Filter Include="Header Files">
      <UniqueIdentifier>{93995380-89BD-4b04-88EB-625FBE52EBFB}</UniqueIdentifier>
      <Extensions>h;hpp;hxx;hm;inl;inc;xsd</Extensions>
    </Filter>
    <Filter Include="Resource Files">
      <UniqueIdentifier>{67DA6AB6-F800-4c08-8B7A-83BB121AAD01}</UniqueIdentifier>
      <Extensions>rc;ico;cur;bmp;dlg;rc2;rct;bin;rgs;gif;jpg;jpeg;jpe;resx;tiff;tif;png;wav;mfcribbon-ms</Extensions>
    </Filter>
    <Filter Include="Hooks">
      <UniqueIdentifier>{c6555d8b-6a4b-477d-9b77-6aeaf6d87f59}</UniqueIdentifier>
    </Filter>
    <Filter Include="Hooks\d3d10_1">
      <UniqueIdentifier>{ed809e50-2ed1-4181-a8fd-f99d0ee1f1e8}</UniqueIdentifier>
    </Filter>
    <Filter Include="Hooks\d3d10_1\ID3D10Device1">
      <UniqueIdentifier>{987f9ae4-0be6-4a17-a6ce-75e24fbcf93c}</UniqueIdentifier>
    </Filter>
    <Filter Include="Hooks\dwmapi">
      <UniqueIdentifier>{a97232f3-9ed8-4e73-954e-a006cb22144e}</UniqueIdentifier>
    </Filter>
  </ItemGroup>
  <ItemGroup>
    <ClCompile Include="dllmain.cpp">
      <Filter>Source Files</Filter>
    </ClCompile>
    <ClCompile Include="globals.cpp">
      <Filter>Source Files</Filter>
    </ClCompile>
    <ClCompile Include="dwmaxx.cpp">
      <Filter>Source Files</Filter>
    </ClCompile>
    <ClCompile Include="hooking.cpp">
      <Filter>Source Files</Filter>
    </ClCompile>
    <ClCompile Include="ID3D10Device1_Draw.cpp">
      <Filter>Hooks\d3d10_1\ID3D10Device1</Filter>
    </ClCompile>
    <ClCompile Include="ID3D10Device1_CreateInputLayout.cpp">
      <Filter>Hooks\d3d10_1\ID3D10Device1</Filter>
    </ClCompile>
    <ClCompile Include="ID3D10Device1_CreateTexture2D.cpp">
      <Filter>Hooks\d3d10_1\ID3D10Device1</Filter>
    </ClCompile>
    <ClCompile Include="rpc_hwnd.cpp">
      <Filter>Source Files</Filter>
    </ClCompile>
    <ClCompile Include="texture_technique.cpp">
      <Filter>Source Files</Filter>
    </ClCompile>
    <ClCompile Include="vertices_technique.cpp">
      <Filter>Source Files</Filter>
    </ClCompile>
    <ClCompile Include="injection.cpp">
      <Filter>Source Files</Filter>
    </ClCompile>
    <ClCompile Include="watermarking.cpp">
      <Filter>Source Files</Filter>
    </ClCompile>
    <ClCompile Include="win_hooks.cpp">
      <Filter>Source Files</Filter>
    </ClCompile>
    <ClCompile Include="d3d_hooks.cpp">
      <Filter>Hooks</Filter>
    </ClCompile>
    <ClCompile Include="dwmaxx_private.cpp">
      <Filter>Source Files</Filter>
    </ClCompile>
    <ClCompile Include="D3D10CreateDevice1.cpp">
      <Filter>Hooks\d3d10_1</Filter>
    </ClCompile>
    <ClCompile Include="DwmExtendFrameIntoClientArea.cpp">
      <Filter>Hooks\dwmapi</Filter>
    </ClCompile>
    <ClCompile Include="dwmapi_hooks.cpp">
      <Filter>Hooks</Filter>
    </ClCompile>
  </ItemGroup>
  <ItemGroup>
    <ClInclude Include="globals.h">
      <Filter>Header Files</Filter>
    </ClInclude>
    <ClInclude Include="constants.h">
      <Filter>Header Files</Filter>
    </ClInclude>
    <ClInclude Include="dwmaxx.h">
      <Filter>Header Files</Filter>
    </ClInclude>
    <ClInclude Include="injection.h">
      <Filter>Header Files</Filter>
    </ClInclude>
    <ClInclude Include="hooking.h">
      <Filter>Header Files</Filter>
    </ClInclude>
    <ClInclude Include="ID3D10Device1.h">
      <Filter>Hooks\d3d10_1\ID3D10Device1</Filter>
    </ClInclude>
    <ClInclude Include="rpc_hwnd.h">
      <Filter>Header Files</Filter>
    </ClInclude>
    <ClInclude Include="texture_technique.h">
      <Filter>Header Files</Filter>
    </ClInclude>
    <ClInclude Include="types.h">
      <Filter>Header Files</Filter>
    </ClInclude>
    <ClInclude Include="vertices_technique.h">
      <Filter>Header Files</Filter>
    </ClInclude>
    <ClInclude Include="watermarking.h">
      <Filter>Header Files</Filter>
    </ClInclude>
    <ClInclude Include="win_hooks.h">
      <Filter>Header Files</Filter>
    </ClInclude>
    <ClInclude Include="d3d_hooks.h">
      <Filter>Hooks</Filter>
    </ClInclude>
    <ClInclude Include="dwmaxx_private.h">
      <Filter>Header Files</Filter>
    </ClInclude>
    <ClInclude Include="D3D10CreateDevice1.h">
      <Filter>Hooks\d3d10_1</Filter>
    </ClInclude>
    <ClInclude Include="DwmExtendFrameIntoClientArea.h">
      <Filter>Hooks\dwmapi</Filter>
    </ClInclude>
    <ClInclude Include="distorm.h">
      <Filter>Header Files</Filter>
    </ClInclude>
    <ClInclude Include="dwmapi_hooks.h">
      <Filter>Hooks</Filter>
    </ClInclude>
  </ItemGroup>
  <ItemGroup>
    <None Include="dwmaxx.def">
      <Filter>Source Files</Filter>
    </None>
  </ItemGroup>
</Project>